# generated by rye
# use `rye lock` or `rye sync` to update this lockfile
#
# last locked with the following flags:
#   pre: false
#   features: []
#   all-features: false
#   with-sources: false
#   generate-hashes: false
#   universal: false

-e file:.
aiofiles==24.1.0
    # via nonebot-plugin-htmlrender
aiosqlite==0.17.0
    # via sqlalchemy
    # via tortoise-orm
alembic==1.14.0
    # via nonebot-plugin-orm
amis-python==1.0.8.post2
    # via nonebot-plugin-learning-chat
anyio==4.6.2.post1
    # via httpx
    # via nonebot-plugin-send-anything-anywhere
    # via nonebot2
    # via starlette
    # via watchfiles
apscheduler==3.10.4
    # via nonebot-plugin-apscheduler
arclet-alconna==1.8.32
    # via arclet-alconna-tools
    # via meme-generator
    # via nonebot-plugin-alconna
arclet-alconna-tools==0.7.10
    # via meme-generator
    # via nonebot-plugin-alconna
asyncmy==0.2.9
    # via tortoise-orm
asyncodbc==0.1.1
    # via tortoise-orm
asyncpg==0.30.0
    # via nonebot-plugin-tortoise-orm
    # via tortoise-orm
bbcode==1.1.0
    # via pil-utils
cachetools==5.5.0
    # via nonebot-plugin-userinfo
certifi==2024.8.30
    # via httpcore
    # via httpx
    # via requests
charset-normalizer==3.4.0
    # via requests
click==8.1.7
    # via nonebot-plugin-orm
    # via uvicorn
contourpy==1.3.1
    # via matplotlib
cycler==0.12.1
    # via matplotlib
dateparser==1.2.0
    # via meme-generator
ecdsa==0.19.0
    # via python-jose
emoji==2.14.0
    # via nonebot-plugin-userinfo
exceptiongroup==1.2.2
    # via nonebot2
fastapi==0.115.5
    # via meme-generator
    # via nonebot2
filetype==1.2.0
    # via meme-generator
    # via nonebot-plugin-send-anything-anywhere
fonttools==4.55.0
    # via matplotlib
    # via pil-utils
greenlet==3.1.1
    # via playwright
    # via sqlalchemy
h11==0.14.0
    # via httpcore
    # via uvicorn
h2==4.1.0
    # via httpx
hpack==4.0.0
    # via h2
httpcore==1.0.7
    # via httpx
httptools==0.6.4
    # via uvicorn
httpx==0.27.2
    # via kiana
    # via meme-generator
    # via nonebot-plugin-memes
    # via nonebot-plugin-mystool
    # via nonebot-plugin-userinfo
    # via nonebot2
hyperframe==6.0.1
    # via h2
idna==3.10
    # via anyio
    # via httpx
    # via requests
    # via yarl
imageio==2.36.0
    # via kiana
importlib-metadata==8.5.0
    # via nonebot-plugin-alconna
    # via nonebot-plugin-uninfo
importlib-resources==6.4.5
    # via nonebot-plugin-orm
iso8601==1.1.0
    # via tortoise-orm
jieba==0.42.1
    # via nonebot-plugin-learning-chat
jinja2==3.1.4
    # via amis-python
    # via nonebot-plugin-htmlrender
kiwisolver==1.4.7
    # via matplotlib
langid==1.1.6
    # via kiana
loguru==0.7.2
    # via meme-generator
    # via nonebot2
mako==1.3.6
    # via alembic
markdown==3.7
    # via nonebot-plugin-htmlrender
    # via pymdown-extensions
    # via python-markdown-math
markdown-it-py==3.0.0
    # via rich
markupsafe==3.0.2
    # via jinja2
    # via mako
matplotlib==3.9.2
    # via nonebot-plugin-memes
    # via pil-utils
mdurl==0.1.2
    # via markdown-it-py
meme-generator==0.1.5
    # via nonebot-plugin-memes
msgpack==1.1.0
    # via nonebot-adapter-onebot
multidict==6.1.0
    # via yarl
nepattern==0.7.6
    # via arclet-alconna
    # via arclet-alconna-tools
    # via nonebot-plugin-alconna
nonebot-adapter-onebot==2.4.6
    # via kiana
    # via nonebot-plugin-learning-chat
    # via nonebot-plugin-mystool
nonebot-adapter-qq==1.5.3
    # via nonebot-plugin-mystool
nonebot-plugin-alconna==0.53.1
    # via kiana
    # via nonebot-plugin-memes
    # via nonebot-plugin-withdraw
nonebot-plugin-apscheduler==0.2.0
    # via kiana
    # via nonebot-plugin-learning-chat
    # via nonebot-plugin-mystool
nonebot-plugin-htmlrender==0.4.0
    # via kiana
nonebot-plugin-learning-chat==0.4.0
    # via kiana
nonebot-plugin-localstore==0.7.1
    # via kiana
    # via nonebot-plugin-memes
    # via nonebot-plugin-orm
    # via nonebot-plugin-tortoise-orm
nonebot-plugin-memes==0.7.11
    # via kiana
nonebot-plugin-mystool==2.9.0
    # via kiana
nonebot-plugin-orm==0.7.6
    # via kiana
    # via nonebot-plugin-memes
    # via nonebot-plugin-session-orm
nonebot-plugin-send-anything-anywhere==0.7.1
    # via nonebot-plugin-mystool
nonebot-plugin-session==0.3.2
    # via nonebot-plugin-memes
    # via nonebot-plugin-session-orm
    # via nonebot-plugin-withdraw
nonebot-plugin-session-orm==0.2.0
    # via nonebot-plugin-memes
nonebot-plugin-tortoise-orm==0.1.4
    # via nonebot-plugin-learning-chat
nonebot-plugin-uninfo==0.5.0
    # via kiana
nonebot-plugin-userinfo==0.2.6
    # via nonebot-plugin-memes
nonebot-plugin-waiter==0.8.0
    # via nonebot-plugin-alconna
nonebot-plugin-withdraw==0.4.0
    # via kiana
nonebot2==2.4.0
    # via kiana
    # via nonebot-adapter-onebot
    # via nonebot-adapter-qq
    # via nonebot-plugin-alconna
    # via nonebot-plugin-apscheduler
    # via nonebot-plugin-htmlrender
    # via nonebot-plugin-learning-chat
    # via nonebot-plugin-localstore
    # via nonebot-plugin-memes
    # via nonebot-plugin-mystool
    # via nonebot-plugin-orm
    # via nonebot-plugin-send-anything-anywhere
    # via nonebot-plugin-session
    # via nonebot-plugin-session-orm
    # via nonebot-plugin-tortoise-orm
    # via nonebot-plugin-uninfo
    # via nonebot-plugin-userinfo
    # via nonebot-plugin-waiter
    # via nonebot-plugin-withdraw
ntplib==0.4.0
    # via nonebot-plugin-mystool
numpy==1.26.4
    # via contourpy
    # via imageio
    # via kiana
    # via langid
    # via matplotlib
    # via opencv-python-headless
    # via pil-utils
opencv-python-headless==4.10.0.84
    # via pil-utils
packaging==24.2
    # via matplotlib
pil-utils==0.1.12
    # via meme-generator
pillow==10.4.0
    # via imageio
    # via kiana
    # via matplotlib
    # via nonebot-plugin-mystool
    # via pil-utils
playwright==1.48.0
    # via nonebot-plugin-htmlrender
pyasn1==0.6.1
    # via python-jose
    # via rsa
pydantic==1.10.19
    # via amis-python
    # via fastapi
    # via nonebot-adapter-onebot
    # via nonebot-adapter-qq
    # via nonebot-plugin-localstore
    # via nonebot-plugin-mystool
    # via nonebot-plugin-send-anything-anywhere
    # via nonebot2
pydantic-core==2.27.0
    # via kiana
pyee==12.0.0
    # via playwright
pygments==2.18.0
    # via nonebot-plugin-htmlrender
    # via rich
pygtrie==2.5.0
    # via nonebot2
pymdown-extensions==10.12
    # via nonebot-plugin-htmlrender
pyodbc==5.2.0
    # via asyncodbc
    # via nonebot-plugin-tortoise-orm
pyparsing==3.2.0
    # via matplotlib
pypika-tortoise==0.1.6
    # via tortoise-orm
pypinyin==0.53.0
    # via nonebot-plugin-memes
pypng==0.20220715.0
    # via qrcode
python-dateutil==2.9.0.post0
    # via dateparser
    # via matplotlib
    # via nonebot-plugin-memes
python-dotenv==1.0.1
    # via nonebot2
    # via uvicorn
python-jose==3.3.0
    # via nonebot-plugin-learning-chat
python-markdown-math==0.8
    # via nonebot-plugin-htmlrender
python-multipart==0.0.17
    # via meme-generator
pytz==2024.2
    # via apscheduler
    # via dateparser
    # via nonebot-plugin-mystool
    # via tortoise-orm
pyyaml==6.0.2
    # via nonebot-plugin-memes
    # via nonebot-plugin-tortoise-orm
    # via pymdown-extensions
    # via uvicorn
qrcode==7.4.2
    # via nonebot-plugin-mystool
rapidfuzz==3.10.1
    # via nonebot-plugin-memes
regex==2024.11.6
    # via dateparser
requests==2.32.3
    # via kiana
    # via nonebot-plugin-mystool
rich==13.9.4
    # via meme-generator
rsa==4.9
    # via python-jose
ruamel-yaml==0.17.40
    # via nonebot-plugin-learning-chat
ruamel-yaml-clib==0.2.12
    # via ruamel-yaml
ruff==0.9.6
six==1.16.0
    # via apscheduler
    # via ecdsa
    # via python-dateutil
sniffio==1.3.1
    # via anyio
    # via httpx
sqlalchemy==2.0.36
    # via alembic
    # via nonebot-plugin-orm
starlette==0.41.2
    # via fastapi
strenum==0.4.15
    # via nonebot-plugin-send-anything-anywhere
    # via nonebot-plugin-session
    # via nonebot-plugin-userinfo
tarina==0.6.4
    # via arclet-alconna
    # via nepattern
    # via nonebot-plugin-alconna
tenacity==9.0.0
    # via kiana
    # via nonebot-plugin-mystool
toml==0.10.2
    # via meme-generator
tortoise-orm==0.20.0
    # via nonebot-plugin-learning-chat
    # via nonebot-plugin-tortoise-orm
typing-extensions==4.12.2
    # via aiosqlite
    # via alembic
    # via arclet-alconna
    # via fastapi
    # via meme-generator
    # via nepattern
    # via nonebot-adapter-onebot
    # via nonebot-adapter-qq
    # via nonebot-plugin-localstore
    # via nonebot2
    # via pydantic
    # via pydantic-core
    # via pyee
    # via qrcode
    # via sqlalchemy
    # via tarina
tzlocal==5.2
    # via apscheduler
    # via dateparser
urllib3==2.2.3
    # via requests
uvicorn==0.32.0
    # via meme-generator
    # via nonebot2
uvloop==0.21.0
    # via uvicorn
watchfiles==0.24.0
    # via uvicorn
websockets==14.1
    # via nonebot2
    # via uvicorn
yarl==1.11.1
    # via nonebot-adapter-qq
    # via nonebot2
zhdate==0.1
    # via kiana
zipp==3.21.0
    # via importlib-metadata
